{
    "_meta": {
        "hash": {
            "sha256": "bf6e7efd89953bcc1550ff0dcaea302b71536891dfe0962e0d838cad7bd2fc26"
        },
        "pipfile-spec": 6,
        "requires": {
            "python_version": "3.9"
        },
        "sources": [
            {
                "name": "pypi",
                "url": "https://pypi.org/simple",
                "verify_ssl": true
            }
        ]
    },
    "default": {
        "app": {
            "editable": true,
            "path": "."
        }
    },
    "develop": {}
}
